{
    "name": "grpc-avored",
    "version": "0.1.0",
    "lockfileVersion": 3,
    "requires": true,
    "packages": {
        "": {
            "name": "grpc-avored",
            "version": "0.1.0",
            "dependencies": {
                "@types/google-protobuf": "^3.15.12",
                "google-protobuf": "^4.0.0",
                "grpc-web": "^2.0.1"
            }
        },
        "node_modules/@types/google-protobuf": {
            "version": "3.15.12",
            "resolved": "https://registry.npmjs.org/@types/google-protobuf/-/google-protobuf-3.15.12.tgz",
            "integrity": "sha512-40um9QqwHjRS92qnOaDpL7RmDK15NuZYo9HihiJRbYkMQZlWnuH8AdvbMy8/o6lgLmKbDUKa+OALCltHdbOTpQ==",
            "license": "MIT"
        },
        "node_modules/google-protobuf": {
            "version": "4.0.0",
            "resolved": "https://registry.npmjs.org/google-protobuf/-/google-protobuf-4.0.0.tgz",
            "integrity": "sha512-b8wmenhUMf2WNL+xIJ/slvD/hEE6V3nRnG86O2bzkBrMweM9gnqZE1dfXlDjibY3aXJXDNbAHepevYyQ7qWKsQ==",
            "license": "(BSD-3-Clause AND Apache-2.0)"
        },
        "node_modules/grpc-web": {
            "version": "2.0.2",
            "resolved": "https://registry.npmjs.org/grpc-web/-/grpc-web-2.0.2.tgz",
            "integrity": "sha512-bvBP0/d5jyVM3eGxxffJhRLAPpH6eXhJeUzBT+bSIEgUKkG4a/BotEimVeW3phP0WLnsJnkRl8uQdRf2yDLaVA==",
            "license": "Apache-2.0"
        }
    }
}
